{
  "name": "mtg-collection-optimizer",
  "version": "1.0.0",
  "lockfileVersion": 3,
  "requires": true,
  "packages": {
    "": {
      "name": "mtg-collection-optimizer",
      "version": "1.0.0",
      "license": "BUSL-1.1",
      "devDependencies": {},
      "engines": {
        "node": ">=18.0.0",
        "npm": ">=8.0.0"
      }
    }
  }
}
